// !$*UTF8*$!
{
	archiveVersion = 1;
	classes = {
	};
	objectVersion = 50;
	objects = {

/* Begin PBXBuildFile section */
		1D25443325B11C5E0083EABA /* ARFApp.swift in Sources */ = {isa = PBXBuildFile; fileRef = 1D25443225B11C5E0083EABA /* ARFApp.swift */; };
		1D25443525B11C5E0083EABA /* ContentView.swift in Sources */ = {isa = PBXBuildFile; fileRef = 1D25443425B11C5E0083EABA /* ContentView.swift */; };
		1D25443725B11C620083EABA /* Assets.xcassets in Resources */ = {isa = PBXBuildFile; fileRef = 1D25443625B11C620083EABA /* Assets.xcassets */; };
		1D25443A25B11C620083EABA /* Preview Assets.xcassets in Resources */ = {isa = PBXBuildFile; fileRef = 1D25443925B11C620083EABA /* Preview Assets.xcassets */; };
		1D25444525B11C620083EABA /* ARFTests.swift in Sources */ = {isa = PBXBuildFile; fileRef = 1D25444425B11C620083EABA /* ARFTests.swift */; };
		1D25445025B11C620083EABA /* ARFUITests.swift in Sources */ = {isa = PBXBuildFile; fileRef = 1D25444F25B11C620083EABA /* ARFUITests.swift */; };
		1D9A482B25B12C91007CB2E7 /* toy_car.usdz in Resources */ = {isa = PBXBuildFile; fileRef = 1D9A482725B12C91007CB2E7 /* toy_car.usdz */; };
		1D9A482C25B12C91007CB2E7 /* toy_biplane.usdz in Resources */ = {isa = PBXBuildFile; fileRef = 1D9A482825B12C91007CB2E7 /* toy_biplane.usdz */; };
		1D9A482D25B12C91007CB2E7 /* toy_robot_vintage.usdz in Resources */ = {isa = PBXBuildFile; fileRef = 1D9A482925B12C91007CB2E7 /* toy_robot_vintage.usdz */; };
		1D9A482E25B12C91007CB2E7 /* toy_drummer.usdz in Resources */ = {isa = PBXBuildFile; fileRef = 1D9A482A25B12C91007CB2E7 /* toy_drummer.usdz */; };
		1D9A483325B1765A007CB2E7 /* Model.swift in Sources */ = {isa = PBXBuildFile; fileRef = 1D9A483225B1765A007CB2E7 /* Model.swift */; };
		1D9A483825B17D3B007CB2E7 /* fender_stratocaster.usdz in Resources */ = {isa = PBXBuildFile; fileRef = 1D9A483725B17D3B007CB2E7 /* fender_stratocaster.usdz */; };
/* End PBXBuildFile section */

/* Begin PBXContainerItemProxy section */
		1D25444125B11C620083EABA /* PBXContainerItemProxy */ = {
			isa = PBXContainerItemProxy;
			containerPortal = 1D25442725B11C5E0083EABA /* Project object */;
			proxyType = 1;
			remoteGlobalIDString = 1D25442E25B11C5E0083EABA;
			remoteInfo = ARF;
		};
		1D25444C25B11C620083EABA /* PBXContainerItemProxy */ = {
			isa = PBXContainerItemProxy;
			containerPortal = 1D25442725B11C5E0083EABA /* Project object */;
			proxyType = 1;
			remoteGlobalIDString = 1D25442E25B11C5E0083EABA;
			remoteInfo = ARF;
		};
/* End PBXContainerItemProxy section */

/* Begin PBXFileReference section */
		1D25442F25B11C5E0083EABA /* ARF.app */ = {isa = PBXFileReference; explicitFileType = wrapper.application; includeInIndex = 0; path = ARF.app; sourceTree = BUILT_PRODUCTS_DIR; };
		1D25443225B11C5E0083EABA /* ARFApp.swift */ = {isa = PBXFileReference; lastKnownFileType = sourcecode.swift; path = ARFApp.swift; sourceTree = "<group>"; };
		1D25443425B11C5E0083EABA /* ContentView.swift */ = {isa = PBXFileReference; lastKnownFileType = sourcecode.swift; path = ContentView.swift; sourceTree = "<group>"; };
		1D25443625B11C620083EABA /* Assets.xcassets */ = {isa = PBXFileReference; lastKnownFileType = folder.assetcatalog; path = Assets.xcassets; sourceTree = "<group>"; };
		1D25443925B11C620083EABA /* Preview Assets.xcassets */ = {isa = PBXFileReference; lastKnownFileType = folder.assetcatalog; path = "Preview Assets.xcassets"; sourceTree = "<group>"; };
		1D25443B25B11C620083EABA /* Info.plist */ = {isa = PBXFileReference; lastKnownFileType = text.plist.xml; path = Info.plist; sourceTree = "<group>"; };
		1D25444025B11C620083EABA /* ARFTests.xctest */ = {isa = PBXFileReference; explicitFileType = wrapper.cfbundle; includeInIndex = 0; path = ARFTests.xctest; sourceTree = BUILT_PRODUCTS_DIR; };
		1D25444425B11C620083EABA /* ARFTests.swift */ = {isa = PBXFileReference; lastKnownFileType = sourcecode.swift; path = ARFTests.swift; sourceTree = "<group>"; };
		1D25444625B11C620083EABA /* Info.plist */ = {isa = PBXFileReference; lastKnownFileType = text.plist.xml; path = Info.plist; sourceTree = "<group>"; };
		1D25444B25B11C620083EABA /* ARFUITests.xctest */ = {isa = PBXFileReference; explicitFileType = wrapper.cfbundle; includeInIndex = 0; path = ARFUITests.xctest; sourceTree = BUILT_PRODUCTS_DIR; };
		1D25444F25B11C620083EABA /* ARFUITests.swift */ = {isa = PBXFileReference; lastKnownFileType = sourcecode.swift; path = ARFUITests.swift; sourceTree = "<group>"; };
		1D25445125B11C620083EABA /* Info.plist */ = {isa = PBXFileReference; lastKnownFileType = text.plist.xml; path = Info.plist; sourceTree = "<group>"; };
		1D9A482725B12C91007CB2E7 /* toy_car.usdz */ = {isa = PBXFileReference; lastKnownFileType = file.usdz; path = toy_car.usdz; sourceTree = "<group>"; };
		1D9A482825B12C91007CB2E7 /* toy_biplane.usdz */ = {isa = PBXFileReference; lastKnownFileType = file.usdz; path = toy_biplane.usdz; sourceTree = "<group>"; };
		1D9A482925B12C91007CB2E7 /* toy_robot_vintage.usdz */ = {isa = PBXFileReference; lastKnownFileType = file.usdz; path = toy_robot_vintage.usdz; sourceTree = "<group>"; };
		1D9A482A25B12C91007CB2E7 /* toy_drummer.usdz */ = {isa = PBXFileReference; lastKnownFileType = file.usdz; path = toy_drummer.usdz; sourceTree = "<group>"; };
		1D9A483225B1765A007CB2E7 /* Model.swift */ = {isa = PBXFileReference; lastKnownFileType = sourcecode.swift; path = Model.swift; sourceTree = "<group>"; };
		1D9A483725B17D3B007CB2E7 /* fender_stratocaster.usdz */ = {isa = PBXFileReference; lastKnownFileType = file.usdz; path = fender_stratocaster.usdz; sourceTree = "<group>"; };
/* End PBXFileReference section */

/* Begin PBXFrameworksBuildPhase section */
		1D25442C25B11C5E0083EABA /* Frameworks */ = {
			isa = PBXFrameworksBuildPhase;
			buildActionMask = 2147483647;
			files = (
			);
			runOnlyForDeploymentPostprocessing = 0;
		};
		1D25443D25B11C620083EABA /* Frameworks */ = {
			isa = PBXFrameworksBuildPhase;
			buildActionMask = 2147483647;
			files = (
			);
			runOnlyForDeploymentPostprocessing = 0;
		};
		1D25444825B11C620083EABA /* Frameworks */ = {
			isa = PBXFrameworksBuildPhase;
			buildActionMask = 2147483647;
			files = (
			);
			runOnlyForDeploymentPostprocessing = 0;
		};
/* End PBXFrameworksBuildPhase section */

/* Begin PBXGroup section */
		1D25442625B11C5E0083EABA = {
			isa = PBXGroup;
			children = (
				1D25443125B11C5E0083EABA /* ARF */,
				1D25444325B11C620083EABA /* ARFTests */,
				1D25444E25B11C620083EABA /* ARFUITests */,
				1D25443025B11C5E0083EABA /* Products */,
			);
			sourceTree = "<group>";
		};
		1D25443025B11C5E0083EABA /* Products */ = {
			isa = PBXGroup;
			children = (
				1D25442F25B11C5E0083EABA /* ARF.app */,
				1D25444025B11C620083EABA /* ARFTests.xctest */,
				1D25444B25B11C620083EABA /* ARFUITests.xctest */,
			);
			name = Products;
			sourceTree = "<group>";
		};
		1D25443125B11C5E0083EABA /* ARF */ = {
			isa = PBXGroup;
			children = (
				1D9A482525B12B9B007CB2E7 /* Models */,
				1D25443225B11C5E0083EABA /* ARFApp.swift */,
				1D25443425B11C5E0083EABA /* ContentView.swift */,
				1D25443625B11C620083EABA /* Assets.xcassets */,
				1D25443B25B11C620083EABA /* Info.plist */,
				1D25443825B11C620083EABA /* Preview Content */,
				1D9A483225B1765A007CB2E7 /* Model.swift */,
			);
			path = ARF;
			sourceTree = "<group>";
		};
		1D25443825B11C620083EABA /* Preview Content */ = {
			isa = PBXGroup;
			children = (
				1D25443925B11C620083EABA /* Preview Assets.xcassets */,
			);
			path = "Preview Content";
			sourceTree = "<group>";
		};
		1D25444325B11C620083EABA /* ARFTests */ = {
			isa = PBXGroup;
			children = (
				1D25444425B11C620083EABA /* ARFTests.swift */,
				1D25444625B11C620083EABA /* Info.plist */,
			);
			path = ARFTests;
			sourceTree = "<group>";
		};
		1D25444E25B11C620083EABA /* ARFUITests */ = {
			isa = PBXGroup;
			children = (
				1D25444F25B11C620083EABA /* ARFUITests.swift */,
				1D25445125B11C620083EABA /* Info.plist */,
			);
			path = ARFUITests;
			sourceTree = "<group>";
		};
		1D9A482525B12B9B007CB2E7 /* Models */ = {
			isa = PBXGroup;
			children = (
				1D9A482825B12C91007CB2E7 /* toy_biplane.usdz */,
				1D9A482725B12C91007CB2E7 /* toy_car.usdz */,
				1D9A482A25B12C91007CB2E7 /* toy_drummer.usdz */,
				1D9A482925B12C91007CB2E7 /* toy_robot_vintage.usdz */,
				1D9A483725B17D3B007CB2E7 /* fender_stratocaster.usdz */,
			);
			path = Models;
			sourceTree = "<group>";
		};
/* End PBXGroup section */

/* Begin PBXNativeTarget section */
		1D25442E25B11C5E0083EABA /* ARF */ = {
			isa = PBXNativeTarget;
			buildConfigurationList = 1D25445425B11C620083EABA /* Build configuration list for PBXNativeTarget "ARF" */;
			buildPhases = (
				1D25442B25B11C5E0083EABA /* Sources */,
				1D25442C25B11C5E0083EABA /* Frameworks */,
				1D25442D25B11C5E0083EABA /* Resources */,
			);
			buildRules = (
			);
			dependencies = (
			);
			name = ARF;
			productName = ARF;
			productReference = 1D25442F25B11C5E0083EABA /* ARF.app */;
			productType = "com.apple.product-type.application";
		};
		1D25443F25B11C620083EABA /* ARFTests */ = {
			isa = PBXNativeTarget;
			buildConfigurationList = 1D25445725B11C620083EABA /* Build configuration list for PBXNativeTarget "ARFTests" */;
			buildPhases = (
				1D25443C25B11C620083EABA /* Sources */,
				1D25443D25B11C620083EABA /* Frameworks */,
				1D25443E25B11C620083EABA /* Resources */,
			);
			buildRules = (
			);
			dependencies = (
				1D25444225B11C620083EABA /* PBXTargetDependency */,
			);
			name = ARFTests;
			productName = ARFTests;
			productReference = 1D25444025B11C620083EABA /* ARFTests.xctest */;
			productType = "com.apple.product-type.bundle.unit-test";
		};
		1D25444A25B11C620083EABA /* ARFUITests */ = {
			isa = PBXNativeTarget;
			buildConfigurationList = 1D25445A25B11C620083EABA /* Build configuration list for PBXNativeTarget "ARFUITests" */;
			buildPhases = (
				1D25444725B11C620083EABA /* Sources */,
				1D25444825B11C620083EABA /* Frameworks */,
				1D25444925B11C620083EABA /* Resources */,
			);
			buildRules = (
			);
			dependencies = (
				1D25444D25B11C620083EABA /* PBXTargetDependency */,
			);
			name = ARFUITests;
			productName = ARFUITests;
			productReference = 1D25444B25B11C620083EABA /* ARFUITests.xctest */;
			productType = "com.apple.product-type.bundle.ui-testing";
		};
/* End PBXNativeTarget section */

/* Begin PBXProject section */
		1D25442725B11C5E0083EABA /* Project object */ = {
			isa = PBXProject;
			attributes = {
				LastSwiftUpdateCheck = 1230;
				LastUpgradeCheck = 1230;
				TargetAttributes = {
					1D25442E25B11C5E0083EABA = {
						CreatedOnToolsVersion = 12.3;
					};
					1D25443F25B11C620083EABA = {
						CreatedOnToolsVersion = 12.3;
						TestTargetID = 1D25442E25B11C5E0083EABA;
					};
					1D25444A25B11C620083EABA = {
						CreatedOnToolsVersion = 12.3;
						TestTargetID = 1D25442E25B11C5E0083EABA;
					};
				};
			};
			buildConfigurationList = 1D25442A25B11C5E0083EABA /* Build configuration list for PBXProject "ARF" */;
			compatibilityVersion = "Xcode 9.3";
			developmentRegion = en;
			hasScannedForEncodings = 0;
			knownRegions = (
				en,
				Base,
			);
			mainGroup = 1D25442625B11C5E0083EABA;
			productRefGroup = 1D25443025B11C5E0083EABA /* Products */;
			projectDirPath = "";
			projectRoot = "";
			targets = (
				1D25442E25B11C5E0083EABA /* ARF */,
				1D25443F25B11C620083EABA /* ARFTests */,
				1D25444A25B11C620083EABA /* ARFUITests */,
			);
		};
/* End PBXProject section */

/* Begin PBXResourcesBuildPhase section */
		1D25442D25B11C5E0083EABA /* Resources */ = {
			isa = PBXResourcesBuildPhase;
			buildActionMask = 2147483647;
			files = (
				1D25443A25B11C620083EABA /* Preview Assets.xcassets in Resources */,
				1D9A483825B17D3B007CB2E7 /* fender_stratocaster.usdz in Resources */,
				1D9A482D25B12C91007CB2E7 /* toy_robot_vintage.usdz in Resources */,
				1D25443725B11C620083EABA /* Assets.xcassets in Resources */,
				1D9A482C25B12C91007CB2E7 /* toy_biplane.usdz in Resources */,
				1D9A482B25B12C91007CB2E7 /* toy_car.usdz in Resources */,
				1D9A482E25B12C91007CB2E7 /* toy_drummer.usdz in Resources */,
			);
			runOnlyForDeploymentPostprocessing = 0;
		};
		1D25443E25B11C620083EABA /* Resources */ = {
			isa = PBXResourcesBuildPhase;
			buildActionMask = 2147483647;
			files = (
			);
			runOnlyForDeploymentPostprocessing = 0;
		};
		1D25444925B11C620083EABA /* Resources */ = {
			isa = PBXResourcesBuildPhase;
			buildActionMask = 2147483647;
			files = (
			);
			runOnlyForDeploymentPostprocessing = 0;
		};
/* End PBXResourcesBuildPhase section */

/* Begin PBXSourcesBuildPhase section */
		1D25442B25B11C5E0083EABA /* Sources */ = {
			isa = PBXSourcesBuildPhase;
			buildActionMask = 2147483647;
			files = (
				1D9A483325B1765A007CB2E7 /* Model.swift in Sources */,
				1D25443525B11C5E0083EABA /* ContentView.swift in Sources */,
				1D25443325B11C5E0083EABA /* ARFApp.swift in Sources */,
			);
			runOnlyForDeploymentPostprocessing = 0;
		};
		1D25443C25B11C620083EABA /* Sources */ = {
			isa = PBXSourcesBuildPhase;
			buildActionMask = 2147483647;
			files = (
				1D25444525B11C620083EABA /* ARFTests.swift in Sources */,
			);
			runOnlyForDeploymentPostprocessing = 0;
		};
		1D25444725B11C620083EABA /* Sources */ = {
			isa = PBXSourcesBuildPhase;
			buildActionMask = 2147483647;
			files = (
				1D25445025B11C620083EABA /* ARFUITests.swift in Sources */,
			);
			runOnlyForDeploymentPostprocessing = 0;
		};
/* End PBXSourcesBuildPhase section */

/* Begin PBXTargetDependency section */
		1D25444225B11C620083EABA /* PBXTargetDependency */ = {
			isa = PBXTargetDependency;
			target = 1D25442E25B11C5E0083EABA /* ARF */;
			targetProxy = 1D25444125B11C620083EABA /* PBXContainerItemProxy */;
		};
		1D25444D25B11C620083EABA /* PBXTargetDependency */ = {
			isa = PBXTargetDependency;
			target = 1D25442E25B11C5E0083EABA /* ARF */;
			targetProxy = 1D25444C25B11C620083EABA /* PBXContainerItemProxy */;
		};
/* End PBXTargetDependency section */

/* Begin XCBuildConfiguration section */
		1D25445225B11C620083EABA /* Debug */ = {
			isa = XCBuildConfiguration;
			buildSettings = {
				ALWAYS_SEARCH_USER_PATHS = NO;
				CLANG_ANALYZER_NONNULL = YES;
				CLANG_ANALYZER_NUMBER_OBJECT_CONVERSION = YES_AGGRESSIVE;
				CLANG_CXX_LANGUAGE_STANDARD = "gnu++14";
				CLANG_CXX_LIBRARY = "libc++";
				CLANG_ENABLE_MODULES = YES;
				CLANG_ENABLE_OBJC_ARC = YES;
				CLANG_ENABLE_OBJC_WEAK = YES;
				CLANG_WARN_BLOCK_CAPTURE_AUTORELEASING = YES;
				CLANG_WARN_BOOL_CONVERSION = YES;
				CLANG_WARN_COMMA = YES;
				CLANG_WARN_CONSTANT_CONVERSION = YES;
				CLANG_WARN_DEPRECATED_OBJC_IMPLEMENTATIONS = YES;
				CLANG_WARN_DIRECT_OBJC_ISA_USAGE = YES_ERROR;
				CLANG_WARN_DOCUMENTATION_COMMENTS = YES;
				CLANG_WARN_EMPTY_BODY = YES;
				CLANG_WARN_ENUM_CONVERSION = YES;
				CLANG_WARN_INFINITE_RECURSION = YES;
				CLANG_WARN_INT_CONVERSION = YES;
				CLANG_WARN_NON_LITERAL_NULL_CONVERSION = YES;
				CLANG_WARN_OBJC_IMPLICIT_RETAIN_SELF = YES;
				CLANG_WARN_OBJC_LITERAL_CONVERSION = YES;
				CLANG_WARN_OBJC_ROOT_CLASS = YES_ERROR;
				CLANG_WARN_QUOTED_INCLUDE_IN_FRAMEWORK_HEADER = YES;
				CLANG_WARN_RANGE_LOOP_ANALYSIS = YES;
				CLANG_WARN_STRICT_PROTOTYPES = YES;
				CLANG_WARN_SUSPICIOUS_MOVE = YES;
				CLANG_WARN_UNGUARDED_AVAILABILITY = YES_AGGRESSIVE;
				CLANG_WARN_UNREACHABLE_CODE = YES;
				CLANG_WARN__DUPLICATE_METHOD_MATCH = YES;
				COPY_PHASE_STRIP = NO;
				DEBUG_INFORMATION_FORMAT = dwarf;
				ENABLE_STRICT_OBJC_MSGSEND = YES;
				ENABLE_TESTABILITY = YES;
				GCC_C_LANGUAGE_STANDARD = gnu11;
				GCC_DYNAMIC_NO_PIC = NO;
				GCC_NO_COMMON_BLOCKS = YES;
				GCC_OPTIMIZATION_LEVEL = 0;
				GCC_PREPROCESSOR_DEFINITIONS = (
					"DEBUG=1",
					"$(inherited)",
				);
				GCC_WARN_64_TO_32_BIT_CONVERSION = YES;
				GCC_WARN_ABOUT_RETURN_TYPE = YES_ERROR;
				GCC_WARN_UNDECLARED_SELECTOR = YES;
				GCC_WARN_UNINITIALIZED_AUTOS = YES_AGGRESSIVE;
				GCC_WARN_UNUSED_FUNCTION = YES;
				GCC_WARN_UNUSED_VARIABLE = YES;
				IPHONEOS_DEPLOYMENT_TARGET = 14.3;
				MTL_ENABLE_DEBUG_INFO = INCLUDE_SOURCE;
				MTL_FAST_MATH = YES;
				ONLY_ACTIVE_ARCH = YES;
				SDKROOT = iphoneos;
				SWIFT_ACTIVE_COMPILATION_CONDITIONS = DEBUG;
				SWIFT_OPTIMIZATION_LEVEL = "-Onone";
			};
			name = Debug;
		};
		1D25445325B11C620083EABA /* Release */ = {
			isa = XCBuildConfiguration;
			buildSettings = {
				ALWAYS_SEARCH_USER_PATHS = NO;
				CLANG_ANALYZER_NONNULL = YES;
				CLANG_ANALYZER_NUMBER_OBJECT_CONVERSION = YES_AGGRESSIVE;
				CLANG_CXX_LANGUAGE_STANDARD = "gnu++14";
				CLANG_CXX_LIBRARY = "libc++";
				CLANG_ENABLE_MODULES = YES;
				CLANG_ENABLE_OBJC_ARC = YES;
				CLANG_ENABLE_OBJC_WEAK = YES;
				CLANG_WARN_BLOCK_CAPTURE_AUTORELEASING = YES;
				CLANG_WARN_BOOL_CONVERSION = YES;
				CLANG_WARN_COMMA = YES;
				CLANG_WARN_CONSTANT_CONVERSION = YES;
				CLANG_WARN_DEPRECATED_OBJC_IMPLEMENTATIONS = YES;
				CLANG_WARN_DIRECT_OBJC_ISA_USAGE = YES_ERROR;
				CLANG_WARN_DOCUMENTATION_COMMENTS = YES;
				CLANG_WARN_EMPTY_BODY = YES;
				CLANG_WARN_ENUM_CONVERSION = YES;
				CLANG_WARN_INFINITE_RECURSION = YES;
				CLANG_WARN_INT_CONVERSION = YES;
				CLANG_WARN_NON_LITERAL_NULL_CONVERSION = YES;
				CLANG_WARN_OBJC_IMPLICIT_RETAIN_SELF = YES;
				CLANG_WARN_OBJC_LITERAL_CONVERSION = YES;
				CLANG_WARN_OBJC_ROOT_CLASS = YES_ERROR;
				CLANG_WARN_QUOTED_INCLUDE_IN_FRAMEWORK_HEADER = YES;
				CLANG_WARN_RANGE_LOOP_ANALYSIS = YES;
				CLANG_WARN_STRICT_PROTOTYPES = YES;
				CLANG_WARN_SUSPICIOUS_MOVE = YES;
				CLANG_WARN_UNGUARDED_AVAILABILITY = YES_AGGRESSIVE;
				CLANG_WARN_UNREACHABLE_CODE = YES;
				CLANG_WARN__DUPLICATE_METHOD_MATCH = YES;
				COPY_PHASE_STRIP = NO;
				DEBUG_INFORMATION_FORMAT = "dwarf-with-dsym";
				ENABLE_NS_ASSERTIONS = NO;
				ENABLE_STRICT_OBJC_MSGSEND = YES;
				GCC_C_LANGUAGE_STANDARD = gnu11;
				GCC_NO_COMMON_BLOCKS = YES;
				GCC_WARN_64_TO_32_BIT_CONVERSION = YES;
				GCC_WARN_ABOUT_RETURN_TYPE = YES_ERROR;
				GCC_WARN_UNDECLARED_SELECTOR = YES;
				GCC_WARN_UNINITIALIZED_AUTOS = YES_AGGRESSIVE;
				GCC_WARN_UNUSED_FUNCTION = YES;
				GCC_WARN_UNUSED_VARIABLE = YES;
				IPHONEOS_DEPLOYMENT_TARGET = 14.3;
				MTL_ENABLE_DEBUG_INFO = NO;
				MTL_FAST_MATH = YES;
				SDKROOT = iphoneos;
				SWIFT_COMPILATION_MODE = wholemodule;
				SWIFT_OPTIMIZATION_LEVEL = "-O";
				VALIDATE_PRODUCT = YES;
			};
			name = Release;
		};
		1D25445525B11C620083EABA /* Debug */ = {
			isa = XCBuildConfiguration;
			buildSettings = {
				ASSETCATALOG_COMPILER_APPICON_NAME = AppIcon;
				ASSETCATALOG_COMPILER_GLOBAL_ACCENT_COLOR_NAME = AccentColor;
				CODE_SIGN_STYLE = Automatic;
				DEVELOPMENT_ASSET_PATHS = "\"ARF/Preview Content\"";
				DEVELOPMENT_TEAM = PUWWBV5H3P;
				ENABLE_PREVIEWS = YES;
				INFOPLIST_FILE = ARF/Info.plist;
				IPHONEOS_DEPLOYMENT_TARGET = 14.0;
				LD_RUNPATH_SEARCH_PATHS = (
					"$(inherited)",
					"@executable_path/Frameworks",
				);
				PRODUCT_BUNDLE_IDENTIFIER = com.VikramHo.ARF;
				PRODUCT_NAME = "$(TARGET_NAME)";
				SWIFT_VERSION = 5.0;
				TARGETED_DEVICE_FAMILY = "1,2";
			};
			name = Debug;
		};
		1D25445625B11C620083EABA /* Release */ = {
			isa = XCBuildConfiguration;
			buildSettings = {
				ASSETCATALOG_COMPILER_APPICON_NAME = AppIcon;
				ASSETCATALOG_COMPILER_GLOBAL_ACCENT_COLOR_NAME = AccentColor;
				CODE_SIGN_STYLE = Automatic;
				DEVELOPMENT_ASSET_PATHS = "\"ARF/Preview Content\"";
				DEVELOPMENT_TEAM = PUWWBV5H3P;
				ENABLE_PREVIEWS = YES;
				INFOPLIST_FILE = ARF/Info.plist;
				IPHONEOS_DEPLOYMENT_TARGET = 14.0;
				LD_RUNPATH_SEARCH_PATHS = (
					"$(inherited)",
					"@executable_path/Frameworks",
				);
				PRODUCT_BUNDLE_IDENTIFIER = com.VikramHo.ARF;
				PRODUCT_NAME = "$(TARGET_NAME)";
				SWIFT_VERSION = 5.0;
				TARGETED_DEVICE_FAMILY = "1,2";
			};
			name = Release;
		};
		1D25445825B11C620083EABA /* Debug */ = {
			isa = XCBuildConfiguration;
			buildSettings = {
				ALWAYS_EMBED_SWIFT_STANDARD_LIBRARIES = YES;
				BUNDLE_LOADER = "$(TEST_HOST)";
				CODE_SIGN_STYLE = Automatic;
				DEVELOPMENT_TEAM = PUWWBV5H3P;
				INFOPLIST_FILE = ARFTests/Info.plist;
				IPHONEOS_DEPLOYMENT_TARGET = 14.0;
				LD_RUNPATH_SEARCH_PATHS = (
					"$(inherited)",
					"@executable_path/Frameworks",
					"@loader_path/Frameworks",
				);
				PRODUCT_BUNDLE_IDENTIFIER = com.VikramHo.ARFTests;
				PRODUCT_NAME = "$(TARGET_NAME)";
				SWIFT_VERSION = 5.0;
				TARGETED_DEVICE_FAMILY = "1,2";
				TEST_HOST = "$(BUILT_PRODUCTS_DIR)/ARF.app/ARF";
			};
			name = Debug;
		};
		1D25445925B11C620083EABA /* Release */ = {
			isa = XCBuildConfiguration;
			buildSettings = {
				ALWAYS_EMBED_SWIFT_STANDARD_LIBRARIES = YES;
				BUNDLE_LOADER = "$(TEST_HOST)";
				CODE_SIGN_STYLE = Automatic;
				DEVELOPMENT_TEAM = PUWWBV5H3P;
				INFOPLIST_FILE = ARFTests/Info.plist;
				IPHONEOS_DEPLOYMENT_TARGET = 14.0;
				LD_RUNPATH_SEARCH_PATHS = (
					"$(inherited)",
					"@executable_path/Frameworks",
					"@loader_path/Frameworks",
				);
				PRODUCT_BUNDLE_IDENTIFIER = com.VikramHo.ARFTests;
				PRODUCT_NAME = "$(TARGET_NAME)";
				SWIFT_VERSION = 5.0;
				TARGETED_DEVICE_FAMILY = "1,2";
				TEST_HOST = "$(BUILT_PRODUCTS_DIR)/ARF.app/ARF";
			};
			name = Release;
		};
		1D25445B25B11C620083EABA /* Debug */ = {
			isa = XCBuildConfiguration;
			buildSettings = {
				ALWAYS_EMBED_SWIFT_STANDARD_LIBRARIES = YES;
				CODE_SIGN_STYLE = Automatic;
				DEVELOPMENT_TEAM = PUWWBV5H3P;
				INFOPLIST_FILE = ARFUITests/Info.plist;
				LD_RUNPATH_SEARCH_PATHS = (
					"$(inherited)",
					"@executable_path/Frameworks",
					"@loader_path/Frameworks",
				);
				PRODUCT_BUNDLE_IDENTIFIER = com.VikramHo.ARFUITests;
				PRODUCT_NAME = "$(TARGET_NAME)";
				SWIFT_VERSION = 5.0;
				TARGETED_DEVICE_FAMILY = "1,2";
				TEST_TARGET_NAME = ARF;
			};
			name = Debug;
		};
		1D25445C25B11C620083EABA /* Release */ = {
			isa = XCBuildConfiguration;
			buildSettings = {
				ALWAYS_EMBED_SWIFT_STANDARD_LIBRARIES = YES;
				CODE_SIGN_STYLE = Automatic;
				DEVELOPMENT_TEAM = PUWWBV5H3P;
				INFOPLIST_FILE = ARFUITests/Info.plist;
				LD_RUNPATH_SEARCH_PATHS = (
					"$(inherited)",
					"@executable_path/Frameworks",
					"@loader_path/Frameworks",
				);
				PRODUCT_BUNDLE_IDENTIFIER = com.VikramHo.ARFUITests;
				PRODUCT_NAME = "$(TARGET_NAME)";
				SWIFT_VERSION = 5.0;
				TARGETED_DEVICE_FAMILY = "1,2";
				TEST_TARGET_NAME = ARF;
			};
			name = Release;
		};
/* End XCBuildConfiguration section */

/* Begin XCConfigurationList section */
		1D25442A25B11C5E0083EABA /* Build configuration list for PBXProject "ARF" */ = {
			isa = XCConfigurationList;
			buildConfigurations = (
				1D25445225B11C620083EABA /* Debug */,
				1D25445325B11C620083EABA /* Release */,
			);
			defaultConfigurationIsVisible = 0;
			defaultConfigurationName = Release;
		};
		1D25445425B11C620083EABA /* Build configuration list for PBXNativeTarget "ARF" */ = {
			isa = XCConfigurationList;
			buildConfigurations = (
				1D25445525B11C620083EABA /* Debug */,
				1D25445625B11C620083EABA /* Release */,
			);
			defaultConfigurationIsVisible = 0;
			defaultConfigurationName = Release;
		};
		1D25445725B11C620083EABA /* Build configuration list for PBXNativeTarget "ARFTests" */ = {
			isa = XCConfigurationList;
			buildConfigurations = (
				1D25445825B11C620083EABA /* Debug */,
				1D25445925B11C620083EABA /* Release */,
			);
			defaultConfigurationIsVisible = 0;
			defaultConfigurationName = Release;
		};
		1D25445A25B11C620083EABA /* Build configuration list for PBXNativeTarget "ARFUITests" */ = {
			isa = XCConfigurationList;
			buildConfigurations = (
				1D25445B25B11C620083EABA /* Debug */,
				1D25445C25B11C620083EABA /* Release */,
			);
			defaultConfigurationIsVisible = 0;
			defaultConfigurationName = Release;
		};
/* End XCConfigurationList section */
	};
	rootObject = 1D25442725B11C5E0083EABA /* Project object */;
}
